
Microsoft Visual Studio Solution File, Format Version 11.00
# Visual Studio 2010
# SharpDevelop 5.0
Project("{FAE04EC0-301F-11D3-BF4B-00C04F79EFBC}") = "StructPlugin", "StructPlugin.csproj", "{6A0AFB1F-8219-4A08-85F7-B7F19B66AC16}"
EndProject
Global
	GlobalSection(SolutionConfigurationPlatforms) = preSolution
		Debug|Any CPU = Debug|Any CPU
		Release|Any CPU = Release|Any CPU
	EndGlobalSection
	GlobalSection(ProjectConfigurationPlatforms) = postSolution
		{6A0AFB1F-8219-4A08-85F7-B7F19B66AC16}.Debug|Any CPU.ActiveCfg = Debug|Any CPU
		{6A0AFB1F-8219-4A08-85F7-B7F19B66AC16}.Debug|Any CPU.Build.0 = Debug|Any CPU
		{6A0AFB1F-8219-4A08-85F7-B7F19B66AC16}.Release|Any CPU.ActiveCfg = Release|Any CPU
		{6A0AFB1F-8219-4A08-85F7-B7F19B66AC16}.Release|Any CPU.Build.0 = Release|Any CPU
	EndGlobalSection
EndGlobal
